
Microsoft Visual Studio Solution File, Format Version 12.00
# Visual Studio Version 17
VisualStudioVersion = 17.3.32901.215
MinimumVisualStudioVersion = 10.0.40219.1
Project("{9A19103F-16F7-4668-BE54-9A1E7A4F7556}") = "ConsoleServer", "ConsoleServer\ConsoleServer.csproj", "{1158A419-536D-4155-B80F-F74D12043666}"
EndProject
Project("{9A19103F-16F7-4668-BE54-9A1E7A4F7556}") = "ConsoleClient", "ConsoleClient\ConsoleClient.csproj", "{6831ABBA-8870-4452-8900-48F0FA3DDA92}"
EndProject
Project("{9A19103F-16F7-4668-BE54-9A1E7A4F7556}") = "TCPConsoleChat", "TCPConsoleChat\TCPConsoleChat.csproj", "{4EB7F3E9-8F42-469B-B618-30180B09DF84}"
EndProject
Project("{9A19103F-16F7-4668-BE54-9A1E7A4F7556}") = "TCPConaoleLib", "TCPConaoleLib\TCPConaoleLib.csproj", "{C3F50733-BA82-4556-866A-6AE320CB8790}"
EndProject
Project("{9A19103F-16F7-4668-BE54-9A1E7A4F7556}") = "TCPConosleChatClient", "TCPConosleChatClient\TCPConosleChatClient.csproj", "{2B049E55-737E-41BE-8319-084EA50287DA}"
EndProject
Project("{9A19103F-16F7-4668-BE54-9A1E7A4F7556}") = "ServerWPFUI", "ServerWPFUI\ServerWPFUI.csproj", "{769CA299-3200-4D04-BA8E-62F7328D747E}"
EndProject
Project("{9A19103F-16F7-4668-BE54-9A1E7A4F7556}") = "WpfChatClient", "WpfChatClient\WpfChatClient.csproj", "{25979AB6-F376-4042-9687-CC94ED44A9F3}"
EndProject
Project("{9A19103F-16F7-4668-BE54-9A1E7A4F7556}") = "ConsoleClientHttp", "ConsoleClientHttp\ConsoleClientHttp.csproj", "{48A5B3B5-48B3-4AA6-9C93-0C5B01029C1D}"
EndProject
Project("{9A19103F-16F7-4668-BE54-9A1E7A4F7556}") = "IMAP_POP3", "IMAP_POP3\IMAP_POP3.csproj", "{29236391-8180-4654-AC8F-915FA16E7153}"
EndProject
Project("{FAE04EC0-301F-11D3-BF4B-00C04F79EFBC}") = "_AsyncSocket_Server", "_AsyncSocket_Server\_AsyncSocket_Server.csproj", "{5014101D-790B-434C-9A17-DF680F35B65F}"
EndProject
Project("{FAE04EC0-301F-11D3-BF4B-00C04F79EFBC}") = "_AsyncCleint_Socket", "_AsyncCleint_Socket\_AsyncCleint_Socket.csproj", "{DA453566-775D-40FE-92B5-F8B00E473033}"
EndProject
Global
	GlobalSection(SolutionConfigurationPlatforms) = preSolution
		Debug|Any CPU = Debug|Any CPU
		Release|Any CPU = Release|Any CPU
	EndGlobalSection
	GlobalSection(ProjectConfigurationPlatforms) = postSolution
		{1158A419-536D-4155-B80F-F74D12043666}.Debug|Any CPU.ActiveCfg = Debug|Any CPU
		{1158A419-536D-4155-B80F-F74D12043666}.Debug|Any CPU.Build.0 = Debug|Any CPU
		{1158A419-536D-4155-B80F-F74D12043666}.Release|Any CPU.ActiveCfg = Release|Any CPU
		{1158A419-536D-4155-B80F-F74D12043666}.Release|Any CPU.Build.0 = Release|Any CPU
		{6831ABBA-8870-4452-8900-48F0FA3DDA92}.Debug|Any CPU.ActiveCfg = Debug|Any CPU
		{6831ABBA-8870-4452-8900-48F0FA3DDA92}.Debug|Any CPU.Build.0 = Debug|Any CPU
		{6831ABBA-8870-4452-8900-48F0FA3DDA92}.Release|Any CPU.ActiveCfg = Release|Any CPU
		{6831ABBA-8870-4452-8900-48F0FA3DDA92}.Release|Any CPU.Build.0 = Release|Any CPU
		{4EB7F3E9-8F42-469B-B618-30180B09DF84}.Debug|Any CPU.ActiveCfg = Debug|Any CPU
		{4EB7F3E9-8F42-469B-B618-30180B09DF84}.Debug|Any CPU.Build.0 = Debug|Any CPU
		{4EB7F3E9-8F42-469B-B618-30180B09DF84}.Release|Any CPU.ActiveCfg = Release|Any CPU
		{4EB7F3E9-8F42-469B-B618-30180B09DF84}.Release|Any CPU.Build.0 = Release|Any CPU
		{C3F50733-BA82-4556-866A-6AE320CB8790}.Debug|Any CPU.ActiveCfg = Debug|Any CPU
		{C3F50733-BA82-4556-866A-6AE320CB8790}.Debug|Any CPU.Build.0 = Debug|Any CPU
		{C3F50733-BA82-4556-866A-6AE320CB8790}.Release|Any CPU.ActiveCfg = Release|Any CPU
		{C3F50733-BA82-4556-866A-6AE320CB8790}.Release|Any CPU.Build.0 = Release|Any CPU
		{2B049E55-737E-41BE-8319-084EA50287DA}.Debug|Any CPU.ActiveCfg = Debug|Any CPU
		{2B049E55-737E-41BE-8319-084EA50287DA}.Debug|Any CPU.Build.0 = Debug|Any CPU
		{2B049E55-737E-41BE-8319-084EA50287DA}.Release|Any CPU.ActiveCfg = Release|Any CPU
		{2B049E55-737E-41BE-8319-084EA50287DA}.Release|Any CPU.Build.0 = Release|Any CPU
		{769CA299-3200-4D04-BA8E-62F7328D747E}.Debug|Any CPU.ActiveCfg = Debug|Any CPU
		{769CA299-3200-4D04-BA8E-62F7328D747E}.Debug|Any CPU.Build.0 = Debug|Any CPU
		{769CA299-3200-4D04-BA8E-62F7328D747E}.Release|Any CPU.ActiveCfg = Release|Any CPU
		{769CA299-3200-4D04-BA8E-62F7328D747E}.Release|Any CPU.Build.0 = Release|Any CPU
		{25979AB6-F376-4042-9687-CC94ED44A9F3}.Debug|Any CPU.ActiveCfg = Debug|Any CPU
		{25979AB6-F376-4042-9687-CC94ED44A9F3}.Debug|Any CPU.Build.0 = Debug|Any CPU
		{25979AB6-F376-4042-9687-CC94ED44A9F3}.Release|Any CPU.ActiveCfg = Release|Any CPU
		{25979AB6-F376-4042-9687-CC94ED44A9F3}.Release|Any CPU.Build.0 = Release|Any CPU
		{48A5B3B5-48B3-4AA6-9C93-0C5B01029C1D}.Debug|Any CPU.ActiveCfg = Debug|Any CPU
		{48A5B3B5-48B3-4AA6-9C93-0C5B01029C1D}.Debug|Any CPU.Build.0 = Debug|Any CPU
		{48A5B3B5-48B3-4AA6-9C93-0C5B01029C1D}.Release|Any CPU.ActiveCfg = Release|Any CPU
		{48A5B3B5-48B3-4AA6-9C93-0C5B01029C1D}.Release|Any CPU.Build.0 = Release|Any CPU
		{29236391-8180-4654-AC8F-915FA16E7153}.Debug|Any CPU.ActiveCfg = Debug|Any CPU
		{29236391-8180-4654-AC8F-915FA16E7153}.Debug|Any CPU.Build.0 = Debug|Any CPU
		{29236391-8180-4654-AC8F-915FA16E7153}.Release|Any CPU.ActiveCfg = Release|Any CPU
		{29236391-8180-4654-AC8F-915FA16E7153}.Release|Any CPU.Build.0 = Release|Any CPU
		{5014101D-790B-434C-9A17-DF680F35B65F}.Debug|Any CPU.ActiveCfg = Debug|Any CPU
		{5014101D-790B-434C-9A17-DF680F35B65F}.Debug|Any CPU.Build.0 = Debug|Any CPU
		{5014101D-790B-434C-9A17-DF680F35B65F}.Release|Any CPU.ActiveCfg = Release|Any CPU
		{5014101D-790B-434C-9A17-DF680F35B65F}.Release|Any CPU.Build.0 = Release|Any CPU
		{DA453566-775D-40FE-92B5-F8B00E473033}.Debug|Any CPU.ActiveCfg = Debug|Any CPU
		{DA453566-775D-40FE-92B5-F8B00E473033}.Debug|Any CPU.Build.0 = Debug|Any CPU
		{DA453566-775D-40FE-92B5-F8B00E473033}.Release|Any CPU.ActiveCfg = Release|Any CPU
		{DA453566-775D-40FE-92B5-F8B00E473033}.Release|Any CPU.Build.0 = Release|Any CPU
	EndGlobalSection
	GlobalSection(SolutionProperties) = preSolution
		HideSolutionNode = FALSE
	EndGlobalSection
	GlobalSection(ExtensibilityGlobals) = postSolution
		SolutionGuid = {5C08016D-1D46-41ED-A35F-4F2A10A129F6}
	EndGlobalSection
EndGlobal
